// !$*UTF8*$!
{
	archiveVersion = 1;
	classes = {
	};
	objectVersion = 48;
	objects = {

/* Begin PBXBuildFile section */
		9F0659BE31D1A5F5B5287547 /* libPods-TalentNextAssignment.a in Frameworks */ = {isa = PBXBuildFile; fileRef = 0A6549AB3337F6323B45FE5C /* libPods-TalentNextAssignment.a */; };
		F83290421FB211AD008E5B73 /* CoreLocation.framework in Frameworks */ = {isa = PBXBuildFile; fileRef = F8E376F11FAF775C007DE847 /* CoreLocation.framework */; };
		F87B2C0F1FAA2EDA004D3ACD /* AppDelegate.m in Sources */ = {isa = PBXBuildFile; fileRef = F87B2C0E1FAA2EDA004D3ACD /* AppDelegate.m */; };
		F87B2C121FAA2EDA004D3ACD /* ViewController.m in Sources */ = {isa = PBXBuildFile; fileRef = F87B2C111FAA2EDA004D3ACD /* ViewController.m */; };
		F87B2C171FAA2EDA004D3ACD /* Assets.xcassets in Resources */ = {isa = PBXBuildFile; fileRef = F87B2C161FAA2EDA004D3ACD /* Assets.xcassets */; };
		F87B2C1D1FAA2EDA004D3ACD /* main.m in Sources */ = {isa = PBXBuildFile; fileRef = F87B2C1C1FAA2EDA004D3ACD /* main.m */; };
		F87B2C241FAA3264004D3ACD /* GoogleService-Info.plist in Resources */ = {isa = PBXBuildFile; fileRef = F87B2C231FAA3264004D3ACD /* GoogleService-Info.plist */; };
		F880973E1FAB58C80054E152 /* YoutubePlayerController.m in Sources */ = {isa = PBXBuildFile; fileRef = F880973D1FAB58C80054E152 /* YoutubePlayerController.m */; };
		F88097421FAB97B60054E152 /* client_593693977591-skndo238sbmc7rcu8jo7gj14bgn0n8ao.apps.googleusercontent.com.plist in Resources */ = {isa = PBXBuildFile; fileRef = F88097411FAB97B60054E152 /* client_593693977591-skndo238sbmc7rcu8jo7gj14bgn0n8ao.apps.googleusercontent.com.plist */; };
		F88697CD1FB0582100374DA3 /* ButtonX.m in Sources */ = {isa = PBXBuildFile; fileRef = F88697CC1FB0582100374DA3 /* ButtonX.m */; };
		F88697D11FB05CC800374DA3 /* ActivityIndicator.m in Sources */ = {isa = PBXBuildFile; fileRef = F88697D01FB05CC800374DA3 /* ActivityIndicator.m */; };
		F886981A1FB07C9D00374DA3 /* AFHTTPRequestOperation.m in Sources */ = {isa = PBXBuildFile; fileRef = F88698081FB07C9D00374DA3 /* AFHTTPRequestOperation.m */; };
		F886981B1FB07C9D00374DA3 /* AFHTTPRequestOperationManager.m in Sources */ = {isa = PBXBuildFile; fileRef = F886980A1FB07C9D00374DA3 /* AFHTTPRequestOperationManager.m */; };
		F886981C1FB07C9D00374DA3 /* AFHTTPSessionManager.m in Sources */ = {isa = PBXBuildFile; fileRef = F886980C1FB07C9D00374DA3 /* AFHTTPSessionManager.m */; };
		F886981D1FB07C9D00374DA3 /* AFNetworkReachabilityManager.m in Sources */ = {isa = PBXBuildFile; fileRef = F886980F1FB07C9D00374DA3 /* AFNetworkReachabilityManager.m */; };
		F886981E1FB07C9D00374DA3 /* AFSecurityPolicy.m in Sources */ = {isa = PBXBuildFile; fileRef = F88698111FB07C9D00374DA3 /* AFSecurityPolicy.m */; };
		F886981F1FB07C9D00374DA3 /* AFURLConnectionOperation.m in Sources */ = {isa = PBXBuildFile; fileRef = F88698131FB07C9D00374DA3 /* AFURLConnectionOperation.m */; };
		F88698201FB07C9D00374DA3 /* AFURLRequestSerialization.m in Sources */ = {isa = PBXBuildFile; fileRef = F88698151FB07C9D00374DA3 /* AFURLRequestSerialization.m */; };
		F88698211FB07C9D00374DA3 /* AFURLResponseSerialization.m in Sources */ = {isa = PBXBuildFile; fileRef = F88698171FB07C9D00374DA3 /* AFURLResponseSerialization.m */; };
		F88698221FB07C9D00374DA3 /* AFURLSessionManager.m in Sources */ = {isa = PBXBuildFile; fileRef = F88698191FB07C9D00374DA3 /* AFURLSessionManager.m */; };
		F8E3703D1FAF0C91007DE847 /* Security.framework in Frameworks */ = {isa = PBXBuildFile; fileRef = F8E36B701FAF0281007DE847 /* Security.framework */; };
		F8E376EC1FAF64B9007DE847 /* VideoDetailsController.m in Sources */ = {isa = PBXBuildFile; fileRef = F8E376EB1FAF64B9007DE847 /* VideoDetailsController.m */; };
		F8E376F51FAF778C007DE847 /* LocationHistory.m in Sources */ = {isa = PBXBuildFile; fileRef = F8E376F41FAF778C007DE847 /* LocationHistory.m */; };
		F8E683FB1FB3662A004973C0 /* LaunchScreen.storyboard in Resources */ = {isa = PBXBuildFile; fileRef = F8E683F71FB36629004973C0 /* LaunchScreen.storyboard */; };
		F8E683FC1FB3662A004973C0 /* Main.storyboard in Resources */ = {isa = PBXBuildFile; fileRef = F8E683F91FB36629004973C0 /* Main.storyboard */; };
		F8E683FF1FB37099004973C0 /* WebKit.framework in Frameworks */ = {isa = PBXBuildFile; fileRef = F8E36B721FAF0299007DE847 /* WebKit.framework */; };
		F8F956DF1FACDD0500FF7536 /* YTPlayerView.m in Sources */ = {isa = PBXBuildFile; fileRef = F8F956DD1FACDD0500FF7536 /* YTPlayerView.m */; };
		F8F956E11FADDF5B00FF7536 /* Assets.bundle in Resources */ = {isa = PBXBuildFile; fileRef = F8F956E01FADDF5B00FF7536 /* Assets.bundle */; };
/* End PBXBuildFile section */

/* Begin PBXFileReference section */
		0A6549AB3337F6323B45FE5C /* libPods-TalentNextAssignment.a */ = {isa = PBXFileReference; explicitFileType = archive.ar; includeInIndex = 0; path = "libPods-TalentNextAssignment.a"; sourceTree = BUILT_PRODUCTS_DIR; };
		49B6034C2C643C25957E7004 /* Pods-TalentNextAssignment.debug.xcconfig */ = {isa = PBXFileReference; includeInIndex = 1; lastKnownFileType = text.xcconfig; name = "Pods-TalentNextAssignment.debug.xcconfig"; path = "Pods/Target Support Files/Pods-TalentNextAssignment/Pods-TalentNextAssignment.debug.xcconfig"; sourceTree = "<group>"; };
		AD441B6A8F104A3BB2F66C50 /* Pods-TalentNextAssignment.release.xcconfig */ = {isa = PBXFileReference; includeInIndex = 1; lastKnownFileType = text.xcconfig; name = "Pods-TalentNextAssignment.release.xcconfig"; path = "Pods/Target Support Files/Pods-TalentNextAssignment/Pods-TalentNextAssignment.release.xcconfig"; sourceTree = "<group>"; };
		F83290401FB21197008E5B73 /* Accelerate.framework */ = {isa = PBXFileReference; lastKnownFileType = wrapper.framework; name = Accelerate.framework; path = System/Library/Frameworks/Accelerate.framework; sourceTree = SDKROOT; };
		F83290411FB211A1008E5B73 /* CoreGraphics.framework */ = {isa = PBXFileReference; lastKnownFileType = wrapper.framework; name = CoreGraphics.framework; path = System/Library/Frameworks/CoreGraphics.framework; sourceTree = SDKROOT; };
		F87B2C0A1FAA2EDA004D3ACD /* TalentNextAssignment.app */ = {isa = PBXFileReference; explicitFileType = wrapper.application; includeInIndex = 0; path = TalentNextAssignment.app; sourceTree = BUILT_PRODUCTS_DIR; };
		F87B2C0D1FAA2EDA004D3ACD /* AppDelegate.h */ = {isa = PBXFileReference; lastKnownFileType = sourcecode.c.h; path = AppDelegate.h; sourceTree = "<group>"; };
		F87B2C0E1FAA2EDA004D3ACD /* AppDelegate.m */ = {isa = PBXFileReference; lastKnownFileType = sourcecode.c.objc; path = AppDelegate.m; sourceTree = "<group>"; };
		F87B2C101FAA2EDA004D3ACD /* ViewController.h */ = {isa = PBXFileReference; lastKnownFileType = sourcecode.c.h; path = ViewController.h; sourceTree = "<group>"; };
		F87B2C111FAA2EDA004D3ACD /* ViewController.m */ = {isa = PBXFileReference; lastKnownFileType = sourcecode.c.objc; path = ViewController.m; sourceTree = "<group>"; };
		F87B2C161FAA2EDA004D3ACD /* Assets.xcassets */ = {isa = PBXFileReference; lastKnownFileType = folder.assetcatalog; path = Assets.xcassets; sourceTree = "<group>"; };
		F87B2C1B1FAA2EDA004D3ACD /* Info.plist */ = {isa = PBXFileReference; lastKnownFileType = text.plist.xml; path = Info.plist; sourceTree = "<group>"; };
		F87B2C1C1FAA2EDA004D3ACD /* main.m */ = {isa = PBXFileReference; lastKnownFileType = sourcecode.c.objc; path = main.m; sourceTree = "<group>"; };
		F87B2C231FAA3264004D3ACD /* GoogleService-Info.plist */ = {isa = PBXFileReference; fileEncoding = 4; lastKnownFileType = text.plist.xml; path = "GoogleService-Info.plist"; sourceTree = "<group>"; };
		F880973C1FAB58C80054E152 /* YoutubePlayerController.h */ = {isa = PBXFileReference; lastKnownFileType = sourcecode.c.h; path = YoutubePlayerController.h; sourceTree = "<group>"; };
		F880973D1FAB58C80054E152 /* YoutubePlayerController.m */ = {isa = PBXFileReference; lastKnownFileType = sourcecode.c.objc; path = YoutubePlayerController.m; sourceTree = "<group>"; };
		F88097411FAB97B60054E152 /* client_593693977591-skndo238sbmc7rcu8jo7gj14bgn0n8ao.apps.googleusercontent.com.plist */ = {isa = PBXFileReference; fileEncoding = 4; lastKnownFileType = text.plist.xml; path = "client_593693977591-skndo238sbmc7rcu8jo7gj14bgn0n8ao.apps.googleusercontent.com.plist"; sourceTree = "<group>"; };
		F88697CB1FB0581D00374DA3 /* ButtonX.h */ = {isa = PBXFileReference; fileEncoding = 4; lastKnownFileType = sourcecode.c.h; path = ButtonX.h; sourceTree = "<group>"; };
		F88697CC1FB0582100374DA3 /* ButtonX.m */ = {isa = PBXFileReference; fileEncoding = 4; lastKnownFileType = sourcecode.c.objc; path = ButtonX.m; sourceTree = "<group>"; };
		F88697CF1FB05CC800374DA3 /* ActivityIndicator.h */ = {isa = PBXFileReference; lastKnownFileType = sourcecode.c.h; path = ActivityIndicator.h; sourceTree = "<group>"; };
		F88697D01FB05CC800374DA3 /* ActivityIndicator.m */ = {isa = PBXFileReference; lastKnownFileType = sourcecode.c.objc; path = ActivityIndicator.m; sourceTree = "<group>"; };
		F88698071FB07C9D00374DA3 /* AFHTTPRequestOperation.h */ = {isa = PBXFileReference; fileEncoding = 4; lastKnownFileType = sourcecode.c.h; path = AFHTTPRequestOperation.h; sourceTree = "<group>"; };
		F88698081FB07C9D00374DA3 /* AFHTTPRequestOperation.m */ = {isa = PBXFileReference; fileEncoding = 4; lastKnownFileType = sourcecode.c.objc; path = AFHTTPRequestOperation.m; sourceTree = "<group>"; };
		F88698091FB07C9D00374DA3 /* AFHTTPRequestOperationManager.h */ = {isa = PBXFileReference; fileEncoding = 4; lastKnownFileType = sourcecode.c.h; path = AFHTTPRequestOperationManager.h; sourceTree = "<group>"; };
		F886980A1FB07C9D00374DA3 /* AFHTTPRequestOperationManager.m */ = {isa = PBXFileReference; fileEncoding = 4; lastKnownFileType = sourcecode.c.objc; path = AFHTTPRequestOperationManager.m; sourceTree = "<group>"; };
		F886980B1FB07C9D00374DA3 /* AFHTTPSessionManager.h */ = {isa = PBXFileReference; fileEncoding = 4; lastKnownFileType = sourcecode.c.h; path = AFHTTPSessionManager.h; sourceTree = "<group>"; };
		F886980C1FB07C9D00374DA3 /* AFHTTPSessionManager.m */ = {isa = PBXFileReference; fileEncoding = 4; lastKnownFileType = sourcecode.c.objc; path = AFHTTPSessionManager.m; sourceTree = "<group>"; };
		F886980D1FB07C9D00374DA3 /* AFNetworking.h */ = {isa = PBXFileReference; fileEncoding = 4; lastKnownFileType = sourcecode.c.h; path = AFNetworking.h; sourceTree = "<group>"; };
		F886980E1FB07C9D00374DA3 /* AFNetworkReachabilityManager.h */ = {isa = PBXFileReference; fileEncoding = 4; lastKnownFileType = sourcecode.c.h; path = AFNetworkReachabilityManager.h; sourceTree = "<group>"; };
		F886980F1FB07C9D00374DA3 /* AFNetworkReachabilityManager.m */ = {isa = PBXFileReference; fileEncoding = 4; lastKnownFileType = sourcecode.c.objc; path = AFNetworkReachabilityManager.m; sourceTree = "<group>"; };
		F88698101FB07C9D00374DA3 /* AFSecurityPolicy.h */ = {isa = PBXFileReference; fileEncoding = 4; lastKnownFileType = sourcecode.c.h; path = AFSecurityPolicy.h; sourceTree = "<group>"; };
		F88698111FB07C9D00374DA3 /* AFSecurityPolicy.m */ = {isa = PBXFileReference; fileEncoding = 4; lastKnownFileType = sourcecode.c.objc; path = AFSecurityPolicy.m; sourceTree = "<group>"; };
		F88698121FB07C9D00374DA3 /* AFURLConnectionOperation.h */ = {isa = PBXFileReference; fileEncoding = 4; lastKnownFileType = sourcecode.c.h; path = AFURLConnectionOperation.h; sourceTree = "<group>"; };
		F88698131FB07C9D00374DA3 /* AFURLConnectionOperation.m */ = {isa = PBXFileReference; fileEncoding = 4; lastKnownFileType = sourcecode.c.objc; path = AFURLConnectionOperation.m; sourceTree = "<group>"; };
		F88698141FB07C9D00374DA3 /* AFURLRequestSerialization.h */ = {isa = PBXFileReference; fileEncoding = 4; lastKnownFileType = sourcecode.c.h; path = AFURLRequestSerialization.h; sourceTree = "<group>"; };
		F88698151FB07C9D00374DA3 /* AFURLRequestSerialization.m */ = {isa = PBXFileReference; fileEncoding = 4; lastKnownFileType = sourcecode.c.objc; path = AFURLRequestSerialization.m; sourceTree = "<group>"; };
		F88698161FB07C9D00374DA3 /* AFURLResponseSerialization.h */ = {isa = PBXFileReference; fileEncoding = 4; lastKnownFileType = sourcecode.c.h; path = AFURLResponseSerialization.h; sourceTree = "<group>"; };
		F88698171FB07C9D00374DA3 /* AFURLResponseSerialization.m */ = {isa = PBXFileReference; fileEncoding = 4; lastKnownFileType = sourcecode.c.objc; path = AFURLResponseSerialization.m; sourceTree = "<group>"; };
		F88698181FB07C9D00374DA3 /* AFURLSessionManager.h */ = {isa = PBXFileReference; fileEncoding = 4; lastKnownFileType = sourcecode.c.h; path = AFURLSessionManager.h; sourceTree = "<group>"; };
		F88698191FB07C9D00374DA3 /* AFURLSessionManager.m */ = {isa = PBXFileReference; fileEncoding = 4; lastKnownFileType = sourcecode.c.objc; path = AFURLSessionManager.m; sourceTree = "<group>"; };
		F8E36B701FAF0281007DE847 /* Security.framework */ = {isa = PBXFileReference; lastKnownFileType = wrapper.framework; name = Security.framework; path = System/Library/Frameworks/Security.framework; sourceTree = SDKROOT; };
		F8E36B711FAF0288007DE847 /* AVFoundation.framework */ = {isa = PBXFileReference; lastKnownFileType = wrapper.framework; name = AVFoundation.framework; path = System/Library/Frameworks/AVFoundation.framework; sourceTree = SDKROOT; };
		F8E36B721FAF0299007DE847 /* WebKit.framework */ = {isa = PBXFileReference; lastKnownFileType = wrapper.framework; name = WebKit.framework; path = System/Library/Frameworks/WebKit.framework; sourceTree = SDKROOT; };
		F8E3703C1FAF0C8A007DE847 /* SystemConfiguration.framework */ = {isa = PBXFileReference; lastKnownFileType = wrapper.framework; name = SystemConfiguration.framework; path = System/Library/Frameworks/SystemConfiguration.framework; sourceTree = SDKROOT; };
		F8E376EA1FAF64B9007DE847 /* VideoDetailsController.h */ = {isa = PBXFileReference; lastKnownFileType = sourcecode.c.h; path = VideoDetailsController.h; sourceTree = "<group>"; };
		F8E376EB1FAF64B9007DE847 /* VideoDetailsController.m */ = {isa = PBXFileReference; lastKnownFileType = sourcecode.c.objc; path = VideoDetailsController.m; sourceTree = "<group>"; };
		F8E376F11FAF775C007DE847 /* CoreLocation.framework */ = {isa = PBXFileReference; lastKnownFileType = wrapper.framework; name = CoreLocation.framework; path = System/Library/Frameworks/CoreLocation.framework; sourceTree = SDKROOT; };
		F8E376F31FAF778C007DE847 /* LocationHistory.h */ = {isa = PBXFileReference; lastKnownFileType = sourcecode.c.h; path = LocationHistory.h; sourceTree = "<group>"; };
		F8E376F41FAF778C007DE847 /* LocationHistory.m */ = {isa = PBXFileReference; lastKnownFileType = sourcecode.c.objc; path = LocationHistory.m; sourceTree = "<group>"; };
		F8E683F81FB36629004973C0 /* Base */ = {isa = PBXFileReference; lastKnownFileType = file.storyboard; name = Base; path = TalentNextAssignment/Base.lproj/LaunchScreen.storyboard; sourceTree = "<group>"; };
		F8E683FA1FB36629004973C0 /* Base */ = {isa = PBXFileReference; lastKnownFileType = file.storyboard; name = Base; path = TalentNextAssignment/Base.lproj/Main.storyboard; sourceTree = "<group>"; };
		F8F956DD1FACDD0500FF7536 /* YTPlayerView.m */ = {isa = PBXFileReference; fileEncoding = 4; lastKnownFileType = sourcecode.c.objc; path = YTPlayerView.m; sourceTree = "<group>"; };
		F8F956DE1FACDD0500FF7536 /* YTPlayerView.h */ = {isa = PBXFileReference; fileEncoding = 4; lastKnownFileType = sourcecode.c.h; path = YTPlayerView.h; sourceTree = "<group>"; };
		F8F956E01FADDF5B00FF7536 /* Assets.bundle */ = {isa = PBXFileReference; lastKnownFileType = "wrapper.plug-in"; path = Assets.bundle; sourceTree = "<group>"; };
/* End PBXFileReference section */

/* Begin PBXFrameworksBuildPhase section */
		F87B2C071FAA2EDA004D3ACD /* Frameworks */ = {
			isa = PBXFrameworksBuildPhase;
			buildActionMask = 2147483647;
			files = (
				F8E683FF1FB37099004973C0 /* WebKit.framework in Frameworks */,
				F83290421FB211AD008E5B73 /* CoreLocation.framework in Frameworks */,
				F8E3703D1FAF0C91007DE847 /* Security.framework in Frameworks */,
				9F0659BE31D1A5F5B5287547 /* libPods-TalentNextAssignment.a in Frameworks */,
			);
			runOnlyForDeploymentPostprocessing = 0;
		};
/* End PBXFrameworksBuildPhase section */

/* Begin PBXGroup section */
		49800913E77AC67EE3AAA508 /* Pods */ = {
			isa = PBXGroup;
			children = (
				49B6034C2C643C25957E7004 /* Pods-TalentNextAssignment.debug.xcconfig */,
				AD441B6A8F104A3BB2F66C50 /* Pods-TalentNextAssignment.release.xcconfig */,
			);
			name = Pods;
			sourceTree = "<group>";
		};
		6A02BC73ABAFF7C8299BCD42 /* Frameworks */ = {
			isa = PBXGroup;
			children = (
				F83290411FB211A1008E5B73 /* CoreGraphics.framework */,
				F83290401FB21197008E5B73 /* Accelerate.framework */,
				F8E376F11FAF775C007DE847 /* CoreLocation.framework */,
				F8E3703C1FAF0C8A007DE847 /* SystemConfiguration.framework */,
				F8E36B721FAF0299007DE847 /* WebKit.framework */,
				F8E36B711FAF0288007DE847 /* AVFoundation.framework */,
				F8E36B701FAF0281007DE847 /* Security.framework */,
				0A6549AB3337F6323B45FE5C /* libPods-TalentNextAssignment.a */,
			);
			name = Frameworks;
			sourceTree = "<group>";
		};
		F832903B1FB210B8008E5B73 /* Google Maps Framework */ = {
			isa = PBXGroup;
			children = (
			);
			path = "Google Maps Framework";
			sourceTree = "<group>";
		};
		F87B2C011FAA2EDA004D3ACD = {
			isa = PBXGroup;
			children = (
				F832903B1FB210B8008E5B73 /* Google Maps Framework */,
				F88698061FB07C9D00374DA3 /* AFNetworking */,
				F87B2C0C1FAA2EDA004D3ACD /* TalentNextAssignment */,
				F87B2C0B1FAA2EDA004D3ACD /* Products */,
				49800913E77AC67EE3AAA508 /* Pods */,
				6A02BC73ABAFF7C8299BCD42 /* Frameworks */,
			);
			sourceTree = "<group>";
		};
		F87B2C0B1FAA2EDA004D3ACD /* Products */ = {
			isa = PBXGroup;
			children = (
				F87B2C0A1FAA2EDA004D3ACD /* TalentNextAssignment.app */,
			);
			name = Products;
			sourceTree = "<group>";
		};
		F87B2C0C1FAA2EDA004D3ACD /* TalentNextAssignment */ = {
			isa = PBXGroup;
			children = (
				F8E683FD1FB36EA8004973C0 /* Designable Button  */,
				F88697CE1FB05CAA00374DA3 /* ActivityIndicator */,
				F8E376F21FAF776E007DE847 /* Maps Group */,
				F8E376E91FAF6333007DE847 /* VIdeo Details  */,
				F88097381FAB585F0054E152 /* Youtube */,
				F87B2C0D1FAA2EDA004D3ACD /* AppDelegate.h */,
				F87B2C0E1FAA2EDA004D3ACD /* AppDelegate.m */,
				F87B2C101FAA2EDA004D3ACD /* ViewController.h */,
				F87B2C111FAA2EDA004D3ACD /* ViewController.m */,
				F87B2C161FAA2EDA004D3ACD /* Assets.xcassets */,
				F8E683F71FB36629004973C0 /* LaunchScreen.storyboard */,
				F8E683F91FB36629004973C0 /* Main.storyboard */,
				F87B2C1B1FAA2EDA004D3ACD /* Info.plist */,
				F87B2C231FAA3264004D3ACD /* GoogleService-Info.plist */,
				F88097411FAB97B60054E152 /* client_593693977591-skndo238sbmc7rcu8jo7gj14bgn0n8ao.apps.googleusercontent.com.plist */,
				F87B2C1C1FAA2EDA004D3ACD /* main.m */,
			);
			path = TalentNextAssignment;
			sourceTree = "<group>";
		};
		F88097381FAB585F0054E152 /* Youtube */ = {
			isa = PBXGroup;
			children = (
				F8F956E01FADDF5B00FF7536 /* Assets.bundle */,
				F880973C1FAB58C80054E152 /* YoutubePlayerController.h */,
				F880973D1FAB58C80054E152 /* YoutubePlayerController.m */,
				F8F956DE1FACDD0500FF7536 /* YTPlayerView.h */,
				F8F956DD1FACDD0500FF7536 /* YTPlayerView.m */,
			);
			path = Youtube;
			sourceTree = "<group>";
		};
		F88697CE1FB05CAA00374DA3 /* ActivityIndicator */ = {
			isa = PBXGroup;
			children = (
				F88697CF1FB05CC800374DA3 /* ActivityIndicator.h */,
				F88697D01FB05CC800374DA3 /* ActivityIndicator.m */,
			);
			path = ActivityIndicator;
			sourceTree = "<group>";
		};
		F88698061FB07C9D00374DA3 /* AFNetworking */ = {
			isa = PBXGroup;
			children = (
				F88698071FB07C9D00374DA3 /* AFHTTPRequestOperation.h */,
				F88698081FB07C9D00374DA3 /* AFHTTPRequestOperation.m */,
				F88698091FB07C9D00374DA3 /* AFHTTPRequestOperationManager.h */,
				F886980A1FB07C9D00374DA3 /* AFHTTPRequestOperationManager.m */,
				F886980B1FB07C9D00374DA3 /* AFHTTPSessionManager.h */,
				F886980C1FB07C9D00374DA3 /* AFHTTPSessionManager.m */,
				F886980D1FB07C9D00374DA3 /* AFNetworking.h */,
				F886980E1FB07C9D00374DA3 /* AFNetworkReachabilityManager.h */,
				F886980F1FB07C9D00374DA3 /* AFNetworkReachabilityManager.m */,
				F88698101FB07C9D00374DA3 /* AFSecurityPolicy.h */,
				F88698111FB07C9D00374DA3 /* AFSecurityPolicy.m */,
				F88698121FB07C9D00374DA3 /* AFURLConnectionOperation.h */,
				F88698131FB07C9D00374DA3 /* AFURLConnectionOperation.m */,
				F88698141FB07C9D00374DA3 /* AFURLRequestSerialization.h */,
				F88698151FB07C9D00374DA3 /* AFURLRequestSerialization.m */,
				F88698161FB07C9D00374DA3 /* AFURLResponseSerialization.h */,
				F88698171FB07C9D00374DA3 /* AFURLResponseSerialization.m */,
				F88698181FB07C9D00374DA3 /* AFURLSessionManager.h */,
				F88698191FB07C9D00374DA3 /* AFURLSessionManager.m */,
			);
			name = AFNetworking;
			path = TalentNextAssignment/AFNetworking;
			sourceTree = "<group>";
		};
		F8E376E91FAF6333007DE847 /* VIdeo Details  */ = {
			isa = PBXGroup;
			children = (
				F8E376EA1FAF64B9007DE847 /* VideoDetailsController.h */,
				F8E376EB1FAF64B9007DE847 /* VideoDetailsController.m */,
			);
			path = "VIdeo Details ";
			sourceTree = "<group>";
		};
		F8E376F21FAF776E007DE847 /* Maps Group */ = {
			isa = PBXGroup;
			children = (
				F8E376F31FAF778C007DE847 /* LocationHistory.h */,
				F8E376F41FAF778C007DE847 /* LocationHistory.m */,
			);
			path = "Maps Group";
			sourceTree = "<group>";
		};
		F8E683FD1FB36EA8004973C0 /* Designable Button  */ = {
			isa = PBXGroup;
			children = (
				F88697CB1FB0581D00374DA3 /* ButtonX.h */,
				F88697CC1FB0582100374DA3 /* ButtonX.m */,
			);
			path = "Designable Button ";
			sourceTree = "<group>";
		};
/* End PBXGroup section */

/* Begin PBXNativeTarget section */
		F87B2C091FAA2EDA004D3ACD /* TalentNextAssignment */ = {
			isa = PBXNativeTarget;
			buildConfigurationList = F87B2C201FAA2EDA004D3ACD /* Build configuration list for PBXNativeTarget "TalentNextAssignment" */;
			buildPhases = (
				B37EF0E10C80AC988A34009C /* [CP] Check Pods Manifest.lock */,
				F87B2C061FAA2EDA004D3ACD /* Sources */,
				F87B2C071FAA2EDA004D3ACD /* Frameworks */,
				F87B2C081FAA2EDA004D3ACD /* Resources */,
				E8D5D8CF1010EE8BFEF3624E /* [CP] Embed Pods Frameworks */,
				781695634CA0A2F8FAEE6B4B /* [CP] Copy Pods Resources */,
			);
			buildRules = (
			);
			dependencies = (
			);
			name = TalentNextAssignment;
			productName = TalentNextAssignment;
			productReference = F87B2C0A1FAA2EDA004D3ACD /* TalentNextAssignment.app */;
			productType = "com.apple.product-type.application";
		};
/* End PBXNativeTarget section */

/* Begin PBXProject section */
		F87B2C021FAA2EDA004D3ACD /* Project object */ = {
			isa = PBXProject;
			attributes = {
				LastUpgradeCheck = 0900;
				ORGANIZATIONNAME = shanaishwar;
				TargetAttributes = {
					F87B2C091FAA2EDA004D3ACD = {
						CreatedOnToolsVersion = 9.0.1;
						ProvisioningStyle = Manual;
					};
				};
			};
			buildConfigurationList = F87B2C051FAA2EDA004D3ACD /* Build configuration list for PBXProject "TalentNextAssignment" */;
			compatibilityVersion = "Xcode 8.0";
			developmentRegion = en;
			hasScannedForEncodings = 0;
			knownRegions = (
				en,
				English,
				Base,
			);
			mainGroup = F87B2C011FAA2EDA004D3ACD;
			productRefGroup = F87B2C0B1FAA2EDA004D3ACD /* Products */;
			projectDirPath = "";
			projectRoot = "";
			targets = (
				F87B2C091FAA2EDA004D3ACD /* TalentNextAssignment */,
			);
		};
/* End PBXProject section */

/* Begin PBXResourcesBuildPhase section */
		F87B2C081FAA2EDA004D3ACD /* Resources */ = {
			isa = PBXResourcesBuildPhase;
			buildActionMask = 2147483647;
			files = (
				F87B2C241FAA3264004D3ACD /* GoogleService-Info.plist in Resources */,
				F8F956E11FADDF5B00FF7536 /* Assets.bundle in Resources */,
				F8E683FC1FB3662A004973C0 /* Main.storyboard in Resources */,
				F87B2C171FAA2EDA004D3ACD /* Assets.xcassets in Resources */,
				F8E683FB1FB3662A004973C0 /* LaunchScreen.storyboard in Resources */,
				F88097421FAB97B60054E152 /* client_593693977591-skndo238sbmc7rcu8jo7gj14bgn0n8ao.apps.googleusercontent.com.plist in Resources */,
			);
			runOnlyForDeploymentPostprocessing = 0;
		};
/* End PBXResourcesBuildPhase section */

/* Begin PBXShellScriptBuildPhase section */
		781695634CA0A2F8FAEE6B4B /* [CP] Copy Pods Resources */ = {
			isa = PBXShellScriptBuildPhase;
			buildActionMask = 2147483647;
			files = (
			);
			inputPaths = (
			);
			name = "[CP] Copy Pods Resources";
			outputPaths = (
			);
			runOnlyForDeploymentPostprocessing = 0;
			shellPath = /bin/sh;
			shellScript = "\"${SRCROOT}/Pods/Target Support Files/Pods-TalentNextAssignment/Pods-TalentNextAssignment-resources.sh\"\n";
			showEnvVarsInLog = 0;
		};
		B37EF0E10C80AC988A34009C /* [CP] Check Pods Manifest.lock */ = {
			isa = PBXShellScriptBuildPhase;
			buildActionMask = 2147483647;
			files = (
			);
			inputPaths = (
			);
			name = "[CP] Check Pods Manifest.lock";
			outputPaths = (
			);
			runOnlyForDeploymentPostprocessing = 0;
			shellPath = /bin/sh;
			shellScript = "diff \"${PODS_PODFILE_DIR_PATH}/Podfile.lock\" \"${PODS_ROOT}/Manifest.lock\" > /dev/null\nif [ $? != 0 ] ; then\n    # print error to STDERR\n    echo \"error: The sandbox is not in sync with the Podfile.lock. Run 'pod install' or update your CocoaPods installation.\" >&2\n    exit 1\nfi\n";
			showEnvVarsInLog = 0;
		};
		E8D5D8CF1010EE8BFEF3624E /* [CP] Embed Pods Frameworks */ = {
			isa = PBXShellScriptBuildPhase;
			buildActionMask = 2147483647;
			files = (
			);
			inputPaths = (
			);
			name = "[CP] Embed Pods Frameworks";
			outputPaths = (
			);
			runOnlyForDeploymentPostprocessing = 0;
			shellPath = /bin/sh;
			shellScript = "\"${SRCROOT}/Pods/Target Support Files/Pods-TalentNextAssignment/Pods-TalentNextAssignment-frameworks.sh\"\n";
			showEnvVarsInLog = 0;
		};
/* End PBXShellScriptBuildPhase section */

/* Begin PBXSourcesBuildPhase section */
		F87B2C061FAA2EDA004D3ACD /* Sources */ = {
			isa = PBXSourcesBuildPhase;
			buildActionMask = 2147483647;
			files = (
				F886981E1FB07C9D00374DA3 /* AFSecurityPolicy.m in Sources */,
				F87B2C121FAA2EDA004D3ACD /* ViewController.m in Sources */,
				F886981D1FB07C9D00374DA3 /* AFNetworkReachabilityManager.m in Sources */,
				F87B2C1D1FAA2EDA004D3ACD /* main.m in Sources */,
				F886981F1FB07C9D00374DA3 /* AFURLConnectionOperation.m in Sources */,
				F886981A1FB07C9D00374DA3 /* AFHTTPRequestOperation.m in Sources */,
				F886981C1FB07C9D00374DA3 /* AFHTTPSessionManager.m in Sources */,
				F88698201FB07C9D00374DA3 /* AFURLRequestSerialization.m in Sources */,
				F88697CD1FB0582100374DA3 /* ButtonX.m in Sources */,
				F88698221FB07C9D00374DA3 /* AFURLSessionManager.m in Sources */,
				F8E376F51FAF778C007DE847 /* LocationHistory.m in Sources */,
				F886981B1FB07C9D00374DA3 /* AFHTTPRequestOperationManager.m in Sources */,
				F87B2C0F1FAA2EDA004D3ACD /* AppDelegate.m in Sources */,
				F88698211FB07C9D00374DA3 /* AFURLResponseSerialization.m in Sources */,
				F88697D11FB05CC800374DA3 /* ActivityIndicator.m in Sources */,
				F8F956DF1FACDD0500FF7536 /* YTPlayerView.m in Sources */,
				F8E376EC1FAF64B9007DE847 /* VideoDetailsController.m in Sources */,
				F880973E1FAB58C80054E152 /* YoutubePlayerController.m in Sources */,
			);
			runOnlyForDeploymentPostprocessing = 0;
		};
/* End PBXSourcesBuildPhase section */

/* Begin PBXVariantGroup section */
		F8E683F71FB36629004973C0 /* LaunchScreen.storyboard */ = {
			isa = PBXVariantGroup;
			children = (
				F8E683F81FB36629004973C0 /* Base */,
			);
			name = LaunchScreen.storyboard;
			sourceTree = "<group>";
		};
		F8E683F91FB36629004973C0 /* Main.storyboard */ = {
			isa = PBXVariantGroup;
			children = (
				F8E683FA1FB36629004973C0 /* Base */,
			);
			name = Main.storyboard;
			sourceTree = "<group>";
		};
/* End PBXVariantGroup section */

/* Begin XCBuildConfiguration section */
		F87B2C1E1FAA2EDA004D3ACD /* Debug */ = {
			isa = XCBuildConfiguration;
			buildSettings = {
				ALWAYS_SEARCH_USER_PATHS = NO;
				CLANG_ANALYZER_LOCALIZABILITY_NONLOCALIZED = YES;
				CLANG_ANALYZER_NONNULL = YES;
				CLANG_ANALYZER_NUMBER_OBJECT_CONVERSION = YES_AGGRESSIVE;
				CLANG_CXX_LANGUAGE_STANDARD = "gnu++14";
				CLANG_CXX_LIBRARY = "libc++";
				CLANG_ENABLE_MODULES = YES;
				CLANG_ENABLE_OBJC_ARC = YES;
				CLANG_WARN_BLOCK_CAPTURE_AUTORELEASING = YES;
				CLANG_WARN_BOOL_CONVERSION = YES;
				CLANG_WARN_COMMA = YES;
				CLANG_WARN_CONSTANT_CONVERSION = YES;
				CLANG_WARN_DIRECT_OBJC_ISA_USAGE = YES_ERROR;
				CLANG_WARN_DOCUMENTATION_COMMENTS = YES;
				CLANG_WARN_EMPTY_BODY = YES;
				CLANG_WARN_ENUM_CONVERSION = YES;
				CLANG_WARN_INFINITE_RECURSION = YES;
				CLANG_WARN_INT_CONVERSION = YES;
				CLANG_WARN_NON_LITERAL_NULL_CONVERSION = YES;
				CLANG_WARN_OBJC_LITERAL_CONVERSION = YES;
				CLANG_WARN_OBJC_ROOT_CLASS = YES_ERROR;
				CLANG_WARN_RANGE_LOOP_ANALYSIS = YES;
				CLANG_WARN_STRICT_PROTOTYPES = YES;
				CLANG_WARN_SUSPICIOUS_MOVE = YES;
				CLANG_WARN_UNGUARDED_AVAILABILITY = YES_AGGRESSIVE;
				CLANG_WARN_UNREACHABLE_CODE = YES;
				CLANG_WARN__DUPLICATE_METHOD_MATCH = YES;
				CODE_SIGN_IDENTITY = "iPhone Developer";
				COPY_PHASE_STRIP = NO;
				DEBUG_INFORMATION_FORMAT = dwarf;
				ENABLE_STRICT_OBJC_MSGSEND = YES;
				ENABLE_TESTABILITY = YES;
				GCC_C_LANGUAGE_STANDARD = gnu11;
				GCC_DYNAMIC_NO_PIC = NO;
				GCC_NO_COMMON_BLOCKS = YES;
				GCC_OPTIMIZATION_LEVEL = 0;
				GCC_PREPROCESSOR_DEFINITIONS = (
					"DEBUG=1",
					"$(inherited)",
				);
				GCC_WARN_64_TO_32_BIT_CONVERSION = YES;
				GCC_WARN_ABOUT_RETURN_TYPE = YES_ERROR;
				GCC_WARN_UNDECLARED_SELECTOR = YES;
				GCC_WARN_UNINITIALIZED_AUTOS = YES_AGGRESSIVE;
				GCC_WARN_UNUSED_FUNCTION = YES;
				GCC_WARN_UNUSED_VARIABLE = YES;
				IPHONEOS_DEPLOYMENT_TARGET = 11.0;
				MTL_ENABLE_DEBUG_INFO = YES;
				ONLY_ACTIVE_ARCH = YES;
				SDKROOT = iphoneos;
			};
			name = Debug;
		};
		F87B2C1F1FAA2EDA004D3ACD /* Release */ = {
			isa = XCBuildConfiguration;
			buildSettings = {
				ALWAYS_SEARCH_USER_PATHS = NO;
				CLANG_ANALYZER_LOCALIZABILITY_NONLOCALIZED = YES;
				CLANG_ANALYZER_NONNULL = YES;
				CLANG_ANALYZER_NUMBER_OBJECT_CONVERSION = YES_AGGRESSIVE;
				CLANG_CXX_LANGUAGE_STANDARD = "gnu++14";
				CLANG_CXX_LIBRARY = "libc++";
				CLANG_ENABLE_MODULES = YES;
				CLANG_ENABLE_OBJC_ARC = YES;
				CLANG_WARN_BLOCK_CAPTURE_AUTORELEASING = YES;
				CLANG_WARN_BOOL_CONVERSION = YES;
				CLANG_WARN_COMMA = YES;
				CLANG_WARN_CONSTANT_CONVERSION = YES;
				CLANG_WARN_DIRECT_OBJC_ISA_USAGE = YES_ERROR;
				CLANG_WARN_DOCUMENTATION_COMMENTS = YES;
				CLANG_WARN_EMPTY_BODY = YES;
				CLANG_WARN_ENUM_CONVERSION = YES;
				CLANG_WARN_INFINITE_RECURSION = YES;
				CLANG_WARN_INT_CONVERSION = YES;
				CLANG_WARN_NON_LITERAL_NULL_CONVERSION = YES;
				CLANG_WARN_OBJC_LITERAL_CONVERSION = YES;
				CLANG_WARN_OBJC_ROOT_CLASS = YES_ERROR;
				CLANG_WARN_RANGE_LOOP_ANALYSIS = YES;
				CLANG_WARN_STRICT_PROTOTYPES = YES;
				CLANG_WARN_SUSPICIOUS_MOVE = YES;
				CLANG_WARN_UNGUARDED_AVAILABILITY = YES_AGGRESSIVE;
				CLANG_WARN_UNREACHABLE_CODE = YES;
				CLANG_WARN__DUPLICATE_METHOD_MATCH = YES;
				CODE_SIGN_IDENTITY = "iPhone Developer";
				COPY_PHASE_STRIP = NO;
				DEBUG_INFORMATION_FORMAT = "dwarf-with-dsym";
				ENABLE_NS_ASSERTIONS = NO;
				ENABLE_STRICT_OBJC_MSGSEND = YES;
				GCC_C_LANGUAGE_STANDARD = gnu11;
				GCC_NO_COMMON_BLOCKS = YES;
				GCC_WARN_64_TO_32_BIT_CONVERSION = YES;
				GCC_WARN_ABOUT_RETURN_TYPE = YES_ERROR;
				GCC_WARN_UNDECLARED_SELECTOR = YES;
				GCC_WARN_UNINITIALIZED_AUTOS = YES_AGGRESSIVE;
				GCC_WARN_UNUSED_FUNCTION = YES;
				GCC_WARN_UNUSED_VARIABLE = YES;
				IPHONEOS_DEPLOYMENT_TARGET = 11.0;
				MTL_ENABLE_DEBUG_INFO = NO;
				SDKROOT = iphoneos;
				VALIDATE_PRODUCT = YES;
			};
			name = Release;
		};
		F87B2C211FAA2EDA004D3ACD /* Debug */ = {
			isa = XCBuildConfiguration;
			baseConfigurationReference = 49B6034C2C643C25957E7004 /* Pods-TalentNextAssignment.debug.xcconfig */;
			buildSettings = {
				ASSETCATALOG_COMPILER_APPICON_NAME = AppIcon;
				CODE_SIGN_STYLE = Manual;
				DEVELOPMENT_TEAM = "";
				FRAMEWORK_SEARCH_PATHS = (
					"$(inherited)",
					"$(PROJECT_DIR)/Google\\ Maps\\ Framework",
					"$(PROJECT_DIR)/Google\\ Maps\\ Framework",
				);
				GCC_C_LANGUAGE_STANDARD = c11;
				HEADER_SEARCH_PATHS = (
					"$(inherited)",
					"\"${PODS_ROOT}/Headers/Public\"",
					"\"${PODS_ROOT}/Headers/Public/GTMOAuth2\"",
					"\"${PODS_ROOT}/Headers/Public/GTMSessionFetcher\"",
					"\"${PODS_ROOT}/Headers/Public/GoogleAPIClientForREST\"",
					"\"${PODS_ROOT}/Headers/Public/GoogleSignIn\"",
					"\"${PODS_ROOT}/Headers/Public/GoogleToolboxForMac\"",
					/usr/include/libxml2,
				);
				INFOPLIST_FILE = TalentNextAssignment/Info.plist;
				LD_RUNPATH_SEARCH_PATHS = "$(inherited) @executable_path/Frameworks";
				OTHER_LDFLAGS = (
					"$(inherited)",
					"-ObjC",
					"-l\"GTMOAuth2\"",
					"-l\"GTMSessionFetcher\"",
					"-l\"GoogleAPIClientForREST\"",
					"-l\"GoogleToolboxForMac\"",
					"-framework",
					"\"CoreText\"",
					"-framework",
					"\"GoogleSignIn\"",
					"-framework",
					"\"SafariServices\"",
					"-framework",
					"\"Security\"",
					"-framework",
					"\"SystemConfiguration\"",
					"-all_load",
					"-lxml2",
				);
				PRODUCT_BUNDLE_IDENTIFIER = com.shanaishwar.TalentNextAssignment;
				PRODUCT_NAME = "$(TARGET_NAME)";
				PROVISIONING_PROFILE_SPECIFIER = "";
				TARGETED_DEVICE_FAMILY = "1,2";
			};
			name = Debug;
		};
		F87B2C221FAA2EDA004D3ACD /* Release */ = {
			isa = XCBuildConfiguration;
			baseConfigurationReference = AD441B6A8F104A3BB2F66C50 /* Pods-TalentNextAssignment.release.xcconfig */;
			buildSettings = {
				ASSETCATALOG_COMPILER_APPICON_NAME = AppIcon;
				CODE_SIGN_STYLE = Manual;
				DEVELOPMENT_TEAM = "";
				FRAMEWORK_SEARCH_PATHS = (
					"$(inherited)",
					"$(PROJECT_DIR)/Google\\ Maps\\ Framework",
					"$(PROJECT_DIR)/Google\\ Maps\\ Framework",
				);
				GCC_C_LANGUAGE_STANDARD = c11;
				HEADER_SEARCH_PATHS = (
					"$(inherited)",
					"\"${PODS_ROOT}/Headers/Public\"",
					"\"${PODS_ROOT}/Headers/Public/GTMOAuth2\"",
					"\"${PODS_ROOT}/Headers/Public/GTMSessionFetcher\"",
					"\"${PODS_ROOT}/Headers/Public/GoogleAPIClientForREST\"",
					"\"${PODS_ROOT}/Headers/Public/GoogleSignIn\"",
					"\"${PODS_ROOT}/Headers/Public/GoogleToolboxForMac\"",
					/usr/include/libxml2,
				);
				INFOPLIST_FILE = TalentNextAssignment/Info.plist;
				LD_RUNPATH_SEARCH_PATHS = "$(inherited) @executable_path/Frameworks";
				OTHER_LDFLAGS = (
					"$(inherited)",
					"-ObjC",
					"-l\"GTMOAuth2\"",
					"-l\"GTMSessionFetcher\"",
					"-l\"GoogleAPIClientForREST\"",
					"-l\"GoogleToolboxForMac\"",
					"-framework",
					"\"CoreText\"",
					"-framework",
					"\"GoogleSignIn\"",
					"-framework",
					"\"SafariServices\"",
					"-framework",
					"\"Security\"",
					"-framework",
					"\"SystemConfiguration\"",
					"-all_load",
					"-lxml2",
				);
				PRODUCT_BUNDLE_IDENTIFIER = com.shanaishwar.TalentNextAssignment;
				PRODUCT_NAME = "$(TARGET_NAME)";
				PROVISIONING_PROFILE_SPECIFIER = "";
				TARGETED_DEVICE_FAMILY = "1,2";
			};
			name = Release;
		};
/* End XCBuildConfiguration section */

/* Begin XCConfigurationList section */
		F87B2C051FAA2EDA004D3ACD /* Build configuration list for PBXProject "TalentNextAssignment" */ = {
			isa = XCConfigurationList;
			buildConfigurations = (
				F87B2C1E1FAA2EDA004D3ACD /* Debug */,
				F87B2C1F1FAA2EDA004D3ACD /* Release */,
			);
			defaultConfigurationIsVisible = 0;
			defaultConfigurationName = Release;
		};
		F87B2C201FAA2EDA004D3ACD /* Build configuration list for PBXNativeTarget "TalentNextAssignment" */ = {
			isa = XCConfigurationList;
			buildConfigurations = (
				F87B2C211FAA2EDA004D3ACD /* Debug */,
				F87B2C221FAA2EDA004D3ACD /* Release */,
			);
			defaultConfigurationIsVisible = 0;
			defaultConfigurationName = Release;
		};
/* End XCConfigurationList section */
	};
	rootObject = F87B2C021FAA2EDA004D3ACD /* Project object */;
}
